uuid: 8f0f1d8a-71d3-481b-87c3-4e8f8185762c
langcode: fr
status: true
dependencies:
  module:
    - custom_home
    - system
  theme:
    - portfolio
id: homemainblock
theme: portfolio
region: content
weight: -2
provider: null
plugin: home_main_block
settings:
  id: home_main_block
  label: 'Home main block'
  provider: custom_home
  label_display: '0'
visibility:
  request_path:
    id: request_path
    pages: '<front>'
    negate: false
    context_mapping: {  }
